
Microsoft Visual Studio Solution File, Format Version 12.00
# Visual Studio 15
Project("{FAE04EC0-301F-11D3-BF4B-00C04F79EFBC}") = "spine-unity-examples", "spine-unity-examples.csproj", "{F014CBEF-143C-A19E-7E55-30B9C4337C3C}"
EndProject
Project("{FAE04EC0-301F-11D3-BF4B-00C04F79EFBC}") = "spine-unity", "spine-unity.csproj", "{423D7816-4811-236A-C58E-669F52CE211F}"
EndProject
Project("{FAE04EC0-301F-11D3-BF4B-00C04F79EFBC}") = "spine-unity-editor", "spine-unity-editor.csproj", "{6CDE3FFD-630F-BFEB-A665-4636A2C9A834}"
EndProject
Project("{FAE04EC0-301F-11D3-BF4B-00C04F79EFBC}") = "Assembly-CSharp", "Assembly-CSharp.csproj", "{BC3E281F-463F-0BF0-0BDA-A95C0C7D6928}"
EndProject
Project("{FAE04EC0-301F-11D3-BF4B-00C04F79EFBC}") = "spine-unity-examples-editor", "spine-unity-examples-editor.csproj", "{EC095930-6003-121D-60B2-FCFB3BE33D03}"
EndProject
Global
	GlobalSection(SolutionConfigurationPlatforms) = preSolution
		Debug|Any CPU = Debug|Any CPU
		Release|Any CPU = Release|Any CPU
	EndGlobalSection
	GlobalSection(ProjectConfigurationPlatforms) = postSolution
		{F014CBEF-143C-A19E-7E55-30B9C4337C3C}.Debug|Any CPU.ActiveCfg = Debug|Any CPU
		{F014CBEF-143C-A19E-7E55-30B9C4337C3C}.Debug|Any CPU.Build.0 = Debug|Any CPU
		{F014CBEF-143C-A19E-7E55-30B9C4337C3C}.Release|Any CPU.ActiveCfg = Release|Any CPU
		{F014CBEF-143C-A19E-7E55-30B9C4337C3C}.Release|Any CPU.Build.0 = Release|Any CPU
		{423D7816-4811-236A-C58E-669F52CE211F}.Debug|Any CPU.ActiveCfg = Debug|Any CPU
		{423D7816-4811-236A-C58E-669F52CE211F}.Debug|Any CPU.Build.0 = Debug|Any CPU
		{423D7816-4811-236A-C58E-669F52CE211F}.Release|Any CPU.ActiveCfg = Release|Any CPU
		{423D7816-4811-236A-C58E-669F52CE211F}.Release|Any CPU.Build.0 = Release|Any CPU
		{6CDE3FFD-630F-BFEB-A665-4636A2C9A834}.Debug|Any CPU.ActiveCfg = Debug|Any CPU
		{6CDE3FFD-630F-BFEB-A665-4636A2C9A834}.Debug|Any CPU.Build.0 = Debug|Any CPU
		{6CDE3FFD-630F-BFEB-A665-4636A2C9A834}.Release|Any CPU.ActiveCfg = Release|Any CPU
		{6CDE3FFD-630F-BFEB-A665-4636A2C9A834}.Release|Any CPU.Build.0 = Release|Any CPU
		{BC3E281F-463F-0BF0-0BDA-A95C0C7D6928}.Debug|Any CPU.ActiveCfg = Debug|Any CPU
		{BC3E281F-463F-0BF0-0BDA-A95C0C7D6928}.Debug|Any CPU.Build.0 = Debug|Any CPU
		{BC3E281F-463F-0BF0-0BDA-A95C0C7D6928}.Release|Any CPU.ActiveCfg = Release|Any CPU
		{BC3E281F-463F-0BF0-0BDA-A95C0C7D6928}.Release|Any CPU.Build.0 = Release|Any CPU
		{EC095930-6003-121D-60B2-FCFB3BE33D03}.Debug|Any CPU.ActiveCfg = Debug|Any CPU
		{EC095930-6003-121D-60B2-FCFB3BE33D03}.Debug|Any CPU.Build.0 = Debug|Any CPU
		{EC095930-6003-121D-60B2-FCFB3BE33D03}.Release|Any CPU.ActiveCfg = Release|Any CPU
		{EC095930-6003-121D-60B2-FCFB3BE33D03}.Release|Any CPU.Build.0 = Release|Any CPU
	EndGlobalSection
	GlobalSection(SolutionProperties) = preSolution
		HideSolutionNode = FALSE
	EndGlobalSection
EndGlobal
